
Microsoft Visual Studio Solution File, Format Version 12.00
# Visual Studio Version 17
VisualStudioVersion = 17.14.36203.30 d17.14
MinimumVisualStudioVersion = 10.0.40219.1
Project("{FAE04EC0-301F-11D3-BF4B-00C04F79EFBC}") = "TubesCLO2_Kelompok5_GUI", "TubesCLO2_Kelompok5_GUI\TubesCLO2_Kelompok5_GUI.csproj", "{DB749997-0307-4388-86D4-01CBCCA791B5}"
EndProject
Global
	GlobalSection(SolutionConfigurationPlatforms) = preSolution
		Debug|Any CPU = Debug|Any CPU
		Release|Any CPU = Release|Any CPU
	EndGlobalSection
	GlobalSection(ProjectConfigurationPlatforms) = postSolution
		{DB749997-0307-4388-86D4-01CBCCA791B5}.Debug|Any CPU.ActiveCfg = Debug|Any CPU
		{DB749997-0307-4388-86D4-01CBCCA791B5}.Debug|Any CPU.Build.0 = Debug|Any CPU
		{DB749997-0307-4388-86D4-01CBCCA791B5}.Release|Any CPU.ActiveCfg = Release|Any CPU
		{DB749997-0307-4388-86D4-01CBCCA791B5}.Release|Any CPU.Build.0 = Release|Any CPU
	EndGlobalSection
	GlobalSection(SolutionProperties) = preSolution
		HideSolutionNode = FALSE
	EndGlobalSection
	GlobalSection(ExtensibilityGlobals) = postSolution
		SolutionGuid = {3A5E46CD-22CC-404E-BE0E-CD450134EBD0}
	EndGlobalSection
EndGlobal
